
Microsoft Visual Studio Solution File, Format Version 12.00
# Visual Studio Version 17
VisualStudioVersion = 17.4.33213.308
MinimumVisualStudioVersion = 10.0.40219.1
Project("{FAE04EC0-301F-11D3-BF4B-00C04F79EFBC}") = "Shapes", "Shapes\Shapes.csproj", "{7D28191E-1FC2-4056-A9D6-C1486EE619D0}"
EndProject
Global
	GlobalSection(SolutionConfigurationPlatforms) = preSolution
		Debug|Any CPU = Debug|Any CPU
		Release|Any CPU = Release|Any CPU
	EndGlobalSection
	GlobalSection(ProjectConfigurationPlatforms) = postSolution
		{7D28191E-1FC2-4056-A9D6-C1486EE619D0}.Debug|Any CPU.ActiveCfg = Debug|Any CPU
		{7D28191E-1FC2-4056-A9D6-C1486EE619D0}.Debug|Any CPU.Build.0 = Debug|Any CPU
		{7D28191E-1FC2-4056-A9D6-C1486EE619D0}.Release|Any CPU.ActiveCfg = Release|Any CPU
		{7D28191E-1FC2-4056-A9D6-C1486EE619D0}.Release|Any CPU.Build.0 = Release|Any CPU
	EndGlobalSection
	GlobalSection(SolutionProperties) = preSolution
		HideSolutionNode = FALSE
	EndGlobalSection
	GlobalSection(ExtensibilityGlobals) = postSolution
		SolutionGuid = {A75C8DA1-6B37-4CBF-81A2-A6067C7DD109}
	EndGlobalSection
EndGlobal
